
Microsoft Visual Studio Solution File, Format Version 12.00
Project("{FAE04EC0-301F-11D3-BF4B-00C04F79EFBC}") = "WebTesting", "WebTesting\WebTesting.csproj", "{C25D596F-828E-44C9-B145-C265F81B7057}"
EndProject
Global
	GlobalSection(SolutionConfigurationPlatforms) = preSolution
		Debug|Any CPU = Debug|Any CPU
		Release|Any CPU = Release|Any CPU
	EndGlobalSection
	GlobalSection(ProjectConfigurationPlatforms) = postSolution
		{C25D596F-828E-44C9-B145-C265F81B7057}.Debug|Any CPU.ActiveCfg = Debug|Any CPU
		{C25D596F-828E-44C9-B145-C265F81B7057}.Debug|Any CPU.Build.0 = Debug|Any CPU
		{C25D596F-828E-44C9-B145-C265F81B7057}.Release|Any CPU.ActiveCfg = Release|Any CPU
		{C25D596F-828E-44C9-B145-C265F81B7057}.Release|Any CPU.Build.0 = Release|Any CPU
	EndGlobalSection
EndGlobal
